
Microsoft Visual Studio Solution File, Format Version 12.00
# Visual Studio 2013
VisualStudioVersion = 12.0.31101.0
MinimumVisualStudioVersion = 10.0.40219.1
Project("{FAE04EC0-301F-11D3-BF4B-00C04F79EFBC}") = "FileRandomizer3000.Core", "FileRandomizer3000.Core\FileRandomizer3000.Core.csproj", "{05865A40-7DCF-44B7-81DE-72CCBC16FA28}"
EndProject
Project("{FAE04EC0-301F-11D3-BF4B-00C04F79EFBC}") = "FileRandomizer3000.WinForms", "FileRandomizer3000.WinForms\FileRandomizer3000.WinForms.csproj", "{B2AECA62-9834-4FD8-9AE8-52A4B0F15018}"
EndProject
Project("{FAE04EC0-301F-11D3-BF4B-00C04F79EFBC}") = "FileRandomizer3000.Tests", "FileRandomizer3000.Tests\FileRandomizer3000.Tests.csproj", "{50D58395-36EE-4488-B1A8-B65FE86ADBFB}"
EndProject
Global
	GlobalSection(SolutionConfigurationPlatforms) = preSolution
		Debug|Any CPU = Debug|Any CPU
		Debug|ARM = Debug|ARM
		Debug|Mixed Platforms = Debug|Mixed Platforms
		Debug|x64 = Debug|x64
		Debug|x86 = Debug|x86
		Release|Any CPU = Release|Any CPU
		Release|ARM = Release|ARM
		Release|Mixed Platforms = Release|Mixed Platforms
		Release|x64 = Release|x64
		Release|x86 = Release|x86
	EndGlobalSection
	GlobalSection(ProjectConfigurationPlatforms) = postSolution
		{05865A40-7DCF-44B7-81DE-72CCBC16FA28}.Debug|Any CPU.ActiveCfg = Debug|Any CPU
		{05865A40-7DCF-44B7-81DE-72CCBC16FA28}.Debug|Any CPU.Build.0 = Debug|Any CPU
		{05865A40-7DCF-44B7-81DE-72CCBC16FA28}.Debug|ARM.ActiveCfg = Debug|Any CPU
		{05865A40-7DCF-44B7-81DE-72CCBC16FA28}.Debug|Mixed Platforms.ActiveCfg = Debug|Any CPU
		{05865A40-7DCF-44B7-81DE-72CCBC16FA28}.Debug|Mixed Platforms.Build.0 = Debug|Any CPU
		{05865A40-7DCF-44B7-81DE-72CCBC16FA28}.Debug|x64.ActiveCfg = Debug|Any CPU
		{05865A40-7DCF-44B7-81DE-72CCBC16FA28}.Debug|x86.ActiveCfg = Debug|Any CPU
		{05865A40-7DCF-44B7-81DE-72CCBC16FA28}.Release|Any CPU.ActiveCfg = Release|Any CPU
		{05865A40-7DCF-44B7-81DE-72CCBC16FA28}.Release|Any CPU.Build.0 = Release|Any CPU
		{05865A40-7DCF-44B7-81DE-72CCBC16FA28}.Release|ARM.ActiveCfg = Release|Any CPU
		{05865A40-7DCF-44B7-81DE-72CCBC16FA28}.Release|Mixed Platforms.ActiveCfg = Release|Any CPU
		{05865A40-7DCF-44B7-81DE-72CCBC16FA28}.Release|Mixed Platforms.Build.0 = Release|Any CPU
		{05865A40-7DCF-44B7-81DE-72CCBC16FA28}.Release|x64.ActiveCfg = Release|Any CPU
		{05865A40-7DCF-44B7-81DE-72CCBC16FA28}.Release|x86.ActiveCfg = Release|Any CPU
		{B2AECA62-9834-4FD8-9AE8-52A4B0F15018}.Debug|Any CPU.ActiveCfg = Debug|x86
		{B2AECA62-9834-4FD8-9AE8-52A4B0F15018}.Debug|ARM.ActiveCfg = Debug|x86
		{B2AECA62-9834-4FD8-9AE8-52A4B0F15018}.Debug|Mixed Platforms.ActiveCfg = Debug|x86
		{B2AECA62-9834-4FD8-9AE8-52A4B0F15018}.Debug|Mixed Platforms.Build.0 = Debug|x86
		{B2AECA62-9834-4FD8-9AE8-52A4B0F15018}.Debug|x64.ActiveCfg = Debug|x86
		{B2AECA62-9834-4FD8-9AE8-52A4B0F15018}.Debug|x86.ActiveCfg = Debug|x86
		{B2AECA62-9834-4FD8-9AE8-52A4B0F15018}.Debug|x86.Build.0 = Debug|x86
		{B2AECA62-9834-4FD8-9AE8-52A4B0F15018}.Release|Any CPU.ActiveCfg = Release|x86
		{B2AECA62-9834-4FD8-9AE8-52A4B0F15018}.Release|ARM.ActiveCfg = Release|x86
		{B2AECA62-9834-4FD8-9AE8-52A4B0F15018}.Release|Mixed Platforms.ActiveCfg = Release|x86
		{B2AECA62-9834-4FD8-9AE8-52A4B0F15018}.Release|Mixed Platforms.Build.0 = Release|x86
		{B2AECA62-9834-4FD8-9AE8-52A4B0F15018}.Release|x64.ActiveCfg = Release|x86
		{B2AECA62-9834-4FD8-9AE8-52A4B0F15018}.Release|x86.ActiveCfg = Release|x86
		{B2AECA62-9834-4FD8-9AE8-52A4B0F15018}.Release|x86.Build.0 = Release|x86
		{50D58395-36EE-4488-B1A8-B65FE86ADBFB}.Debug|Any CPU.ActiveCfg = Debug|Any CPU
		{50D58395-36EE-4488-B1A8-B65FE86ADBFB}.Debug|Any CPU.Build.0 = Debug|Any CPU
		{50D58395-36EE-4488-B1A8-B65FE86ADBFB}.Debug|ARM.ActiveCfg = Debug|Any CPU
		{50D58395-36EE-4488-B1A8-B65FE86ADBFB}.Debug|Mixed Platforms.ActiveCfg = Debug|Any CPU
		{50D58395-36EE-4488-B1A8-B65FE86ADBFB}.Debug|Mixed Platforms.Build.0 = Debug|Any CPU
		{50D58395-36EE-4488-B1A8-B65FE86ADBFB}.Debug|x64.ActiveCfg = Debug|Any CPU
		{50D58395-36EE-4488-B1A8-B65FE86ADBFB}.Debug|x86.ActiveCfg = Debug|Any CPU
		{50D58395-36EE-4488-B1A8-B65FE86ADBFB}.Release|Any CPU.ActiveCfg = Release|Any CPU
		{50D58395-36EE-4488-B1A8-B65FE86ADBFB}.Release|Any CPU.Build.0 = Release|Any CPU
		{50D58395-36EE-4488-B1A8-B65FE86ADBFB}.Release|ARM.ActiveCfg = Release|Any CPU
		{50D58395-36EE-4488-B1A8-B65FE86ADBFB}.Release|Mixed Platforms.ActiveCfg = Release|Any CPU
		{50D58395-36EE-4488-B1A8-B65FE86ADBFB}.Release|Mixed Platforms.Build.0 = Release|Any CPU
		{50D58395-36EE-4488-B1A8-B65FE86ADBFB}.Release|x64.ActiveCfg = Release|Any CPU
		{50D58395-36EE-4488-B1A8-B65FE86ADBFB}.Release|x86.ActiveCfg = Release|Any CPU
	EndGlobalSection
	GlobalSection(SolutionProperties) = preSolution
		HideSolutionNode = FALSE
	EndGlobalSection
EndGlobal
